
Microsoft Visual Studio Solution File, Format Version 12.00
# Visual Studio 14
VisualStudioVersion = 14.0.25420.1
MinimumVisualStudioVersion = 10.0.40219.1
Project("{E24C65DC-7377-472B-9ABA-BC803B73C61A}") = "WMSweb", "WMSweb\", "{BD67A7C0-928A-4D57-B197-86159346DA5F}"
	ProjectSection(WebsiteProperties) = preProject
		TargetFrameworkMoniker = ".NETFramework,Version%3Dv4.0"
		ProjectReferences = "{858b74c6-5729-4e6e-8be0-7fdb7b05e98a}|WMSbl.dll;{9EA1A7FD-90FD-4E63-8ED2-30A57D7FC58A}|WMSobjects.dll;{B271E989-3E3D-4D64-83DA-1E4CB239C63C}|WMSda.dll;"
		Debug.AspNetCompiler.VirtualPath = "/localhost_5764"
		Debug.AspNetCompiler.PhysicalPath = "WMSweb\"
		Debug.AspNetCompiler.TargetPath = "PrecompiledWeb\localhost_5764\"
		Debug.AspNetCompiler.Updateable = "true"
		Debug.AspNetCompiler.ForceOverwrite = "true"
		Debug.AspNetCompiler.FixedNames = "false"
		Debug.AspNetCompiler.Debug = "True"
		Release.AspNetCompiler.VirtualPath = "/localhost_5764"
		Release.AspNetCompiler.PhysicalPath = "WMSweb\"
		Release.AspNetCompiler.TargetPath = "PrecompiledWeb\localhost_5764\"
		Release.AspNetCompiler.Updateable = "true"
		Release.AspNetCompiler.ForceOverwrite = "true"
		Release.AspNetCompiler.FixedNames = "false"
		Release.AspNetCompiler.Debug = "False"
		VWDPort = "5764"
		SlnRelativePath = "WMSweb\"
	EndProjectSection
EndProject
Project("{FAE04EC0-301F-11D3-BF4B-00C04F79EFBC}") = "WMSbl", "WMSbl\WMSbl.csproj", "{858B74C6-5729-4E6E-8BE0-7FDB7B05E98A}"
EndProject
Project("{FAE04EC0-301F-11D3-BF4B-00C04F79EFBC}") = "WMSda", "WMSda\WMSda.csproj", "{B271E989-3E3D-4D64-83DA-1E4CB239C63C}"
EndProject
Project("{FAE04EC0-301F-11D3-BF4B-00C04F79EFBC}") = "WMSobjects", "WMSobjects\WMSobjects.csproj", "{9EA1A7FD-90FD-4E63-8ED2-30A57D7FC58A}"
EndProject
Global
	GlobalSection(SolutionConfigurationPlatforms) = preSolution
		Debug|Any CPU = Debug|Any CPU
		Release|Any CPU = Release|Any CPU
	EndGlobalSection
	GlobalSection(ProjectConfigurationPlatforms) = postSolution
		{BD67A7C0-928A-4D57-B197-86159346DA5F}.Debug|Any CPU.ActiveCfg = Debug|Any CPU
		{BD67A7C0-928A-4D57-B197-86159346DA5F}.Debug|Any CPU.Build.0 = Debug|Any CPU
		{BD67A7C0-928A-4D57-B197-86159346DA5F}.Release|Any CPU.ActiveCfg = Debug|Any CPU
		{BD67A7C0-928A-4D57-B197-86159346DA5F}.Release|Any CPU.Build.0 = Debug|Any CPU
		{858B74C6-5729-4E6E-8BE0-7FDB7B05E98A}.Debug|Any CPU.ActiveCfg = Debug|Any CPU
		{858B74C6-5729-4E6E-8BE0-7FDB7B05E98A}.Debug|Any CPU.Build.0 = Debug|Any CPU
		{858B74C6-5729-4E6E-8BE0-7FDB7B05E98A}.Release|Any CPU.ActiveCfg = Release|Any CPU
		{858B74C6-5729-4E6E-8BE0-7FDB7B05E98A}.Release|Any CPU.Build.0 = Release|Any CPU
		{B271E989-3E3D-4D64-83DA-1E4CB239C63C}.Debug|Any CPU.ActiveCfg = Debug|Any CPU
		{B271E989-3E3D-4D64-83DA-1E4CB239C63C}.Debug|Any CPU.Build.0 = Debug|Any CPU
		{B271E989-3E3D-4D64-83DA-1E4CB239C63C}.Release|Any CPU.ActiveCfg = Release|Any CPU
		{B271E989-3E3D-4D64-83DA-1E4CB239C63C}.Release|Any CPU.Build.0 = Release|Any CPU
		{9EA1A7FD-90FD-4E63-8ED2-30A57D7FC58A}.Debug|Any CPU.ActiveCfg = Debug|Any CPU
		{9EA1A7FD-90FD-4E63-8ED2-30A57D7FC58A}.Debug|Any CPU.Build.0 = Debug|Any CPU
		{9EA1A7FD-90FD-4E63-8ED2-30A57D7FC58A}.Release|Any CPU.ActiveCfg = Release|Any CPU
		{9EA1A7FD-90FD-4E63-8ED2-30A57D7FC58A}.Release|Any CPU.Build.0 = Release|Any CPU
	EndGlobalSection
	GlobalSection(SolutionProperties) = preSolution
		HideSolutionNode = FALSE
	EndGlobalSection
EndGlobal
